github.com/tetratelabs/wazero v1.8.2 h1:yIgLR/b2bN31bjxwXHD8a3d+BogigR952csSDdLYEv4=
github.com/tetratelabs/wazero v1.8.2/go.mod h1:yAI0XTsMBhREkM/YDAK/zNou3GoiAce1P6+rp/wQhjs=
github.com/tetratelabs/wazero v1.9.0 h1:IcZ56OuxrtaEz8UYNRHBrUa9bYeX9oVY93KspZZBf/I=
github.com/tetratelabs/wazero v1.9.0/go.mod h1:TSbcXCfFP0L2FGkRPxHphadXPjo1T6W+CseNNY7EkjM=
golang.org/x/text v0.15.0 h1:h1V/4gjBv8v9cjcR6+AR5+/cIYK5N/WAgiv4xlsEtAk=
golang.org/x/text v0.15.0/go.mod h1:18ZOQIKpY8NJVqYksKHtTdi31H5itFRjB5/qKTNYzSU=
golang.org/x/text v0.23.0 h1:D71I7dUrlY+VX0gQShAThNGHFxZ13dGLBHQLVl1mJlY=
golang.org/x/text v0.23.0/go.mod h1:/BLNzu4aZCJ1+kcD0DNRotWKage4q2rGVAg4o22unh4=
graphics.gd v0.0.0-20250321055411-4bf432a3c391 h1:xxnLNhTSof1fHZzCL25SyxJm4k48qn21OJJn4qOgpSo=
graphics.gd v0.0.0-20250321055411-4bf432a3c391/go.mod h1:jB0P4sCh+O8hgbA7gi+C33jraC/tqcByguT4VCbPB2U=
graphics.gd v0.0.0-20250321225702-335a66d98e11 h1:NR8dRorDXm+QUnYW7pJgH0D05bXl0TdWagZvSOwFR84=
graphics.gd v0.0.0-20250321225702-335a66d98e11/go.mod h1:jB0P4sCh+O8hgbA7gi+C33jraC/tqcByguT4VCbPB2U=
runtime.link v0.0.0-20250131052539-992a5f0be9db h1:pmEAAhIKeeisn2bXh43ZSULNXsrveRC/iDxBLoc0RC8=
runtime.link v0.0.0-20250131052539-992a5f0be9db/go.mod h1:bs9lT/R79BfIAGcCHrCWiEdDec5nUNSBBjDmAvAsasU=
runtime.link v0.0.0-20250321024852-684f67aecbb0 h1:/kosKQ5OhHq8w7NcNJ0iiKUWvU9zekba77nejyHmOQk=
runtime.link v0.0.0-20250321024852-684f67aecbb0/go.mod h1:13rTs4Rs4/Z512Vh1Rkak+nJUERb9f4MpCZQyUrcTwM=
